{
  "name": "hexo-theme-still",
  "version": "0.0.1",
  "lockfileVersion": 1,
  "requires": true,
  "dependencies": {
    "@types/babel-types": {
      "version": "7.0.9",
      "resolved": "https://registry.npm.taobao.org/@types/babel-types/download/@types/babel-types-7.0.9.tgz",
      "integrity": "sha1-Ade4aUn0VUAqlMeIiD/kuldMrUE="
    },
    "@types/babylon": {
      "version": "6.16.5",
      "resolved": "https://registry.npm.taobao.org/@types/babylon/download/@types/babylon-6.16.5.tgz?cache=0&sync_timestamp=1605053109520&other_urls=https%3A%2F%2Fregistry.npm.taobao.org%2F%40types%2Fbabylon%2Fdownload%2F%40types%2Fbabylon-6.16.5.tgz",
      "integrity": "sha1-HFZB22nrjN83jt0ltL53VL7rSLQ=",
      "requires": {
        "@types/babel-types": "*"
      }
    },
    "acorn": {
      "version": "3.3.0",
      "resolved": "https://registry.npm.taobao.org/acorn/download/acorn-3.3.0.tgz",
      "integrity": "sha1-ReN/s56No/JbruP/U2niu18iAXo="
    },
    "acorn-globals": {
      "version": "3.1.0",
      "resolved": "https://registry.npm.taobao.org/acorn-globals/download/acorn-globals-3.1.0.tgz",
      "integrity": "sha1-/YJw9x+7SZawBPqIDuXUZXOnMb8=",
      "requires": {
        "acorn": "^4.0.4"
      },
      "dependencies": {
        "acorn": {
          "version": "4.0.13",
          "resolved": "https://registry.npm.taobao.org/acorn/download/acorn-4.0.13.tgz",
          "integrity": "sha1-EFSVrlNh1pe9GVyCUZLhrX8lN4c="
        }
      }
    },
    "align-text": {
      "version": "0.1.4",
      "resolved": "https://registry.npm.taobao.org/align-text/download/align-text-0.1.4.tgz",
      "integrity": "sha1-DNkKVhCT810KmSVsIrcGlDP60Rc=",
      "requires": {
        "kind-of": "^3.0.2",
        "longest": "^1.0.1",
        "repeat-string": "^1.5.2"
      }
    },
    "asap": {
      "version": "2.0.6",
      "resolved": "https://registry.npm.taobao.org/asap/download/asap-2.0.6.tgz",
      "integrity": "sha1-5QNHYR1+aQlDIIu9r+vLwvuGbUY="
    },
    "babel-runtime": {
      "version": "6.26.0",
      "resolved": "https://registry.npm.taobao.org/babel-runtime/download/babel-runtime-6.26.0.tgz",
      "integrity": "sha1-llxwWGaOgrVde/4E/yM3vItWR/4=",
      "requires": {
        "core-js": "^2.4.0",
        "regenerator-runtime": "^0.11.0"
      }
    },
    "babel-types": {
      "version": "6.26.0",
      "resolved": "https://registry.npm.taobao.org/babel-types/download/babel-types-6.26.0.tgz",
      "integrity": "sha1-o7Bz+Uq0nrb6Vc1lInozQ4BjJJc=",
      "requires": {
        "babel-runtime": "^6.26.0",
        "esutils": "^2.0.2",
        "lodash": "^4.17.4",
        "to-fast-properties": "^1.0.3"
      }
    },
    "babylon": {
      "version": "6.18.0",
      "resolved": "https://registry.npm.taobao.org/babylon/download/babylon-6.18.0.tgz",
      "integrity": "sha1-ry87iPpvXB5MY00aD46sT1WzleM="
    },
    "camelcase": {
      "version": "1.2.1",
      "resolved": "https://registry.npm.taobao.org/camelcase/download/camelcase-1.2.1.tgz?cache=0&sync_timestamp=1603921787305&other_urls=https%3A%2F%2Fregistry.npm.taobao.org%2Fcamelcase%2Fdownload%2Fcamelcase-1.2.1.tgz",
      "integrity": "sha1-m7UwTS4LVmmLLHWLCKPqqdqlijk="
    },
    "center-align": {
      "version": "0.1.3",
      "resolved": "https://registry.npm.taobao.org/center-align/download/center-align-0.1.3.tgz",
      "integrity": "sha1-qg0yYptu6XIgBBHL1EYckHvCt60=",
      "requires": {
        "align-text": "^0.1.3",
        "lazy-cache": "^1.0.3"
      }
    },
    "character-parser": {
      "version": "2.2.0",
      "resolved": "https://registry.npm.taobao.org/character-parser/download/character-parser-2.2.0.tgz",
      "integrity": "sha1-x84o821LzZdE5f/CxfzeHHMmH8A=",
      "requires": {
        "is-regex": "^1.0.3"
      }
    },
    "clean-css": {
      "version": "4.2.3",
      "resolved": "https://registry.npm.taobao.org/clean-css/download/clean-css-4.2.3.tgz?cache=0&other_urls=https%3A%2F%2Fregistry.npm.taobao.org%2Fclean-css%2Fdownload%2Fclean-css-4.2.3.tgz",
      "integrity": "sha1-UHtd59l7SO5T2ErbAWD/YhY4D3g=",
      "requires": {
        "source-map": "~0.6.0"
      }
    },
    "cliui": {
      "version": "2.1.0",
      "resolved": "https://registry.npm.taobao.org/cliui/download/cliui-2.1.0.tgz",
      "integrity": "sha1-S0dXYP+AJkx2LDoXGQMukcf+oNE=",
      "requires": {
        "center-align": "^0.1.1",
        "right-align": "^0.1.1",
        "wordwrap": "0.0.2"
      }
    },
    "constantinople": {
      "version": "3.1.2",
      "resolved": "https://registry.npm.taobao.org/constantinople/download/constantinople-3.1.2.tgz",
      "integrity": "sha1-1F7XJPV9PRBQABen06iJwTga5kc=",
      "requires": {
        "@types/babel-types": "^7.0.0",
        "@types/babylon": "^6.16.2",
        "babel-types": "^6.26.0",
        "babylon": "^6.18.0"
      }
    },
    "core-js": {
      "version": "2.6.12",
      "resolved": "https://registry.npm.taobao.org/core-js/download/core-js-2.6.12.tgz?cache=0&sync_timestamp=1606326889335&other_urls=https%3A%2F%2Fregistry.npm.taobao.org%2Fcore-js%2Fdownload%2Fcore-js-2.6.12.tgz",
      "integrity": "sha1-2TM9+nsGXjR8xWgiGdb2kIWcwuw="
    },
    "decamelize": {
      "version": "1.2.0",
      "resolved": "https://registry.npm.taobao.org/decamelize/download/decamelize-1.2.0.tgz",
      "integrity": "sha1-9lNNFRSCabIDUue+4m9QH5oZEpA="
    },
    "doctypes": {
      "version": "1.1.0",
      "resolved": "https://registry.npm.taobao.org/doctypes/download/doctypes-1.1.0.tgz",
      "integrity": "sha1-6oCxBqh1OHdOijpKWv4pPeSJ4Kk="
    },
    "esutils": {
      "version": "2.0.3",
      "resolved": "https://registry.npm.taobao.org/esutils/download/esutils-2.0.3.tgz",
      "integrity": "sha1-dNLrTeC42hKTcRkQ1Qd1ubcQ72Q="
    },
    "function-bind": {
      "version": "1.1.1",
      "resolved": "https://registry.npm.taobao.org/function-bind/download/function-bind-1.1.1.tgz",
      "integrity": "sha1-pWiZ0+o8m6uHS7l3O3xe3pL0iV0="
    },
    "has": {
      "version": "1.0.3",
      "resolved": "https://registry.npm.taobao.org/has/download/has-1.0.3.tgz",
      "integrity": "sha1-ci18v8H2qoJB8W3YFOAR4fQeh5Y=",
      "requires": {
        "function-bind": "^1.1.1"
      }
    },
    "has-symbols": {
      "version": "1.0.1",
      "resolved": "https://registry.npm.taobao.org/has-symbols/download/has-symbols-1.0.1.tgz?cache=0&sync_timestamp=1573950719586&other_urls=https%3A%2F%2Fregistry.npm.taobao.org%2Fhas-symbols%2Fdownload%2Fhas-symbols-1.0.1.tgz",
      "integrity": "sha1-n1IUdYpEGWxAbZvXbOv4HsLdMeg="
    },
    "hexo-render-pug": {
      "version": "2.1.4",
      "resolved": "https://registry.npm.taobao.org/hexo-render-pug/download/hexo-render-pug-2.1.4.tgz",
      "integrity": "sha1-91p8iWbBwzFcrrc/+jv286zqMpk=",
      "requires": {
        "pug": "^2.0.3"
      }
    },
    "is-buffer": {
      "version": "1.1.6",
      "resolved": "https://registry.npm.taobao.org/is-buffer/download/is-buffer-1.1.6.tgz?cache=0&sync_timestamp=1604432378894&other_urls=https%3A%2F%2Fregistry.npm.taobao.org%2Fis-buffer%2Fdownload%2Fis-buffer-1.1.6.tgz",
      "integrity": "sha1-76ouqdqg16suoTqXsritUf776L4="
    },
    "is-core-module": {
      "version": "2.2.0",
      "resolved": "https://registry.npm.taobao.org/is-core-module/download/is-core-module-2.2.0.tgz?cache=0&sync_timestamp=1606411588663&other_urls=https%3A%2F%2Fregistry.npm.taobao.org%2Fis-core-module%2Fdownload%2Fis-core-module-2.2.0.tgz",
      "integrity": "sha1-lwN+89UiJNhRY/VZeytj2a/tmBo=",
      "requires": {
        "has": "^1.0.3"
      }
    },
    "is-expression": {
      "version": "3.0.0",
      "resolved": "https://registry.npm.taobao.org/is-expression/download/is-expression-3.0.0.tgz",
      "integrity": "sha1-Oayqa+f9HzRx3ELHQW5hwkMXrJ8=",
      "requires": {
        "acorn": "~4.0.2",
        "object-assign": "^4.0.1"
      },
      "dependencies": {
        "acorn": {
          "version": "4.0.13",
          "resolved": "https://registry.npm.taobao.org/acorn/download/acorn-4.0.13.tgz",
          "integrity": "sha1-EFSVrlNh1pe9GVyCUZLhrX8lN4c="
        }
      }
    },
    "is-promise": {
      "version": "2.2.2",
      "resolved": "https://registry.npm.taobao.org/is-promise/download/is-promise-2.2.2.tgz",
      "integrity": "sha1-OauVnMv5p3TPB597QMeib3YxNfE="
    },
    "is-regex": {
      "version": "1.1.1",
      "resolved": "https://registry.npm.taobao.org/is-regex/download/is-regex-1.1.1.tgz?cache=0&sync_timestamp=1596555640141&other_urls=https%3A%2F%2Fregistry.npm.taobao.org%2Fis-regex%2Fdownload%2Fis-regex-1.1.1.tgz",
      "integrity": "sha1-xvmKrMVG9s7FRooHt7FTq1ZKV7k=",
      "requires": {
        "has-symbols": "^1.0.1"
      }
    },
    "js-stringify": {
      "version": "1.0.2",
      "resolved": "https://registry.npm.taobao.org/js-stringify/download/js-stringify-1.0.2.tgz",
      "integrity": "sha1-Fzb939lyTyijaCrcYjCufk6Weds="
    },
    "jstransformer": {
      "version": "1.0.0",
      "resolved": "https://registry.npm.taobao.org/jstransformer/download/jstransformer-1.0.0.tgz",
      "integrity": "sha1-7Yvwkh4vPx7U1cGkT2hwntJHIsM=",
      "requires": {
        "is-promise": "^2.0.0",
        "promise": "^7.0.1"
      }
    },
    "kind-of": {
      "version": "3.2.2",
      "resolved": "https://registry.npm.taobao.org/kind-of/download/kind-of-3.2.2.tgz",
      "integrity": "sha1-MeohpzS6ubuw8yRm2JOupR5KPGQ=",
      "requires": {
        "is-buffer": "^1.1.5"
      }
    },
    "lazy-cache": {
      "version": "1.0.4",
      "resolved": "https://registry.npm.taobao.org/lazy-cache/download/lazy-cache-1.0.4.tgz",
      "integrity": "sha1-odePw6UEdMuAhF07O24dpJpEbo4="
    },
    "lodash": {
      "version": "4.17.20",
      "resolved": "https://registry.npm.taobao.org/lodash/download/lodash-4.17.20.tgz?cache=0&sync_timestamp=1597336053864&other_urls=https%3A%2F%2Fregistry.npm.taobao.org%2Flodash%2Fdownload%2Flodash-4.17.20.tgz",
      "integrity": "sha1-tEqbYpe8tpjxxRo1RaKzs2jVnFI="
    },
    "longest": {
      "version": "1.0.1",
      "resolved": "https://registry.npm.taobao.org/longest/download/longest-1.0.1.tgz",
      "integrity": "sha1-MKCy2jj3N3DoKUoNIuZiXtd9AJc="
    },
    "object-assign": {
      "version": "4.1.1",
      "resolved": "https://registry.npm.taobao.org/object-assign/download/object-assign-4.1.1.tgz",
      "integrity": "sha1-IQmtx5ZYh8/AXLvUQsrIv7s2CGM="
    },
    "path-parse": {
      "version": "1.0.6",
      "resolved": "https://registry.npm.taobao.org/path-parse/download/path-parse-1.0.6.tgz",
      "integrity": "sha1-1i27VnlAXXLEc37FhgDp3c8G0kw="
    },
    "promise": {
      "version": "7.3.1",
      "resolved": "https://registry.npm.taobao.org/promise/download/promise-7.3.1.tgz",
      "integrity": "sha1-BktyYCsY+Q8pGSuLG8QY/9Hr078=",
      "requires": {
        "asap": "~2.0.3"
      }
    },
    "pug": {
      "version": "2.0.4",
      "resolved": "https://registry.npm.taobao.org/pug/download/pug-2.0.4.tgz",
      "integrity": "sha1-7naC7ApgSUs41IqI8F87CskxN30=",
      "requires": {
        "pug-code-gen": "^2.0.2",
        "pug-filters": "^3.1.1",
        "pug-lexer": "^4.1.0",
        "pug-linker": "^3.0.6",
        "pug-load": "^2.0.12",
        "pug-parser": "^5.0.1",
        "pug-runtime": "^2.0.5",
        "pug-strip-comments": "^1.0.4"
      }
    },
    "pug-attrs": {
      "version": "2.0.4",
      "resolved": "https://registry.npm.taobao.org/pug-attrs/download/pug-attrs-2.0.4.tgz",
      "integrity": "sha1-svRMQ55OtK1dTvJcrCDRitKMwzY=",
      "requires": {
        "constantinople": "^3.0.1",
        "js-stringify": "^1.0.1",
        "pug-runtime": "^2.0.5"
      }
    },
    "pug-code-gen": {
      "version": "2.0.2",
      "resolved": "https://registry.npm.taobao.org/pug-code-gen/download/pug-code-gen-2.0.2.tgz",
      "integrity": "sha1-rQlnFirqB33PeHg42U7RSssCF8I=",
      "requires": {
        "constantinople": "^3.1.2",
        "doctypes": "^1.1.0",
        "js-stringify": "^1.0.1",
        "pug-attrs": "^2.0.4",
        "pug-error": "^1.3.3",
        "pug-runtime": "^2.0.5",
        "void-elements": "^2.0.1",
        "with": "^5.0.0"
      }
    },
    "pug-error": {
      "version": "1.3.3",
      "resolved": "https://registry.npm.taobao.org/pug-error/download/pug-error-1.3.3.tgz",
      "integrity": "sha1-80L7AIdS1YA0wYXeA2At2f/hX6Y="
    },
    "pug-filters": {
      "version": "3.1.1",
      "resolved": "https://registry.npm.taobao.org/pug-filters/download/pug-filters-3.1.1.tgz",
      "integrity": "sha1-qyzILbnuzPV4vaiRMOJSoNsCaqc=",
      "requires": {
        "clean-css": "^4.1.11",
        "constantinople": "^3.0.1",
        "jstransformer": "1.0.0",
        "pug-error": "^1.3.3",
        "pug-walk": "^1.1.8",
        "resolve": "^1.1.6",
        "uglify-js": "^2.6.1"
      }
    },
    "pug-lexer": {
      "version": "4.1.0",
      "resolved": "https://registry.npm.taobao.org/pug-lexer/download/pug-lexer-4.1.0.tgz",
      "integrity": "sha1-UxzeSMfAsfy7wrhUhchmXjFInP0=",
      "requires": {
        "character-parser": "^2.1.1",
        "is-expression": "^3.0.0",
        "pug-error": "^1.3.3"
      }
    },
    "pug-linker": {
      "version": "3.0.6",
      "resolved": "https://registry.npm.taobao.org/pug-linker/download/pug-linker-3.0.6.tgz",
      "integrity": "sha1-9b8hiw79Zc5mcPevxRZY0Pgpifs=",
      "requires": {
        "pug-error": "^1.3.3",
        "pug-walk": "^1.1.8"
      }
    },
    "pug-load": {
      "version": "2.0.12",
      "resolved": "https://registry.npm.taobao.org/pug-load/download/pug-load-2.0.12.tgz",
      "integrity": "sha1-04yF64X24vcE3qFNzKlBRNNdPns=",
      "requires": {
        "object-assign": "^4.1.0",
        "pug-walk": "^1.1.8"
      }
    },
    "pug-parser": {
      "version": "5.0.1",
      "resolved": "https://registry.npm.taobao.org/pug-parser/download/pug-parser-5.0.1.tgz",
      "integrity": "sha1-A+etpItoQL04Ivhn19kPhC0P/ck=",
      "requires": {
        "pug-error": "^1.3.3",
        "token-stream": "0.0.1"
      }
    },
    "pug-runtime": {
      "version": "2.0.5",
      "resolved": "https://registry.npm.taobao.org/pug-runtime/download/pug-runtime-2.0.5.tgz",
      "integrity": "sha1-baeXbDa/IvaOczw1kkDYrnoylTo="
    },
    "pug-strip-comments": {
      "version": "1.0.4",
      "resolved": "https://registry.npm.taobao.org/pug-strip-comments/download/pug-strip-comments-1.0.4.tgz",
      "integrity": "sha1-zBtt4fbo9ZMc8C7GbN/9P1Dq+Kg=",
      "requires": {
        "pug-error": "^1.3.3"
      }
    },
    "pug-walk": {
      "version": "1.1.8",
      "resolved": "https://registry.npm.taobao.org/pug-walk/download/pug-walk-1.1.8.tgz",
      "integrity": "sha1-tAj2fyeRL4wh2i9FtyMMS9Kl6no="
    },
    "regenerator-runtime": {
      "version": "0.11.1",
      "resolved": "https://registry.npm.taobao.org/regenerator-runtime/download/regenerator-runtime-0.11.1.tgz?cache=0&sync_timestamp=1595456105304&other_urls=https%3A%2F%2Fregistry.npm.taobao.org%2Fregenerator-runtime%2Fdownload%2Fregenerator-runtime-0.11.1.tgz",
      "integrity": "sha1-vgWtf5v30i4Fb5cmzuUBf78Z4uk="
    },
    "repeat-string": {
      "version": "1.6.1",
      "resolved": "https://registry.npm.taobao.org/repeat-string/download/repeat-string-1.6.1.tgz",
      "integrity": "sha1-jcrkcOHIirwtYA//Sndihtp15jc="
    },
    "resolve": {
      "version": "1.19.0",
      "resolved": "https://registry.npm.taobao.org/resolve/download/resolve-1.19.0.tgz",
      "integrity": "sha1-GvW/YwQJc0oGfK4pMYqsf6KaJnw=",
      "requires": {
        "is-core-module": "^2.1.0",
        "path-parse": "^1.0.6"
      }
    },
    "right-align": {
      "version": "0.1.3",
      "resolved": "https://registry.npm.taobao.org/right-align/download/right-align-0.1.3.tgz",
      "integrity": "sha1-YTObci/mo1FWiSENJOFMlhSGE+8=",
      "requires": {
        "align-text": "^0.1.1"
      }
    },
    "source-map": {
      "version": "0.6.1",
      "resolved": "https://registry.npm.taobao.org/source-map/download/source-map-0.6.1.tgz",
      "integrity": "sha1-dHIq8y6WFOnCh6jQu95IteLxomM="
    },
    "to-fast-properties": {
      "version": "1.0.3",
      "resolved": "https://registry.npm.taobao.org/to-fast-properties/download/to-fast-properties-1.0.3.tgz",
      "integrity": "sha1-uDVx+k2MJbguIxsG46MFXeTKGkc="
    },
    "token-stream": {
      "version": "0.0.1",
      "resolved": "https://registry.npm.taobao.org/token-stream/download/token-stream-0.0.1.tgz",
      "integrity": "sha1-zu78cXp2xDFvEm0LnbqlXX598Bo="
    },
    "uglify-js": {
      "version": "2.8.29",
      "resolved": "https://registry.npm.taobao.org/uglify-js/download/uglify-js-2.8.29.tgz",
      "integrity": "sha1-KcVzMUgFe7Th913zW3qcty5qWd0=",
      "requires": {
        "source-map": "~0.5.1",
        "uglify-to-browserify": "~1.0.0",
        "yargs": "~3.10.0"
      },
      "dependencies": {
        "source-map": {
          "version": "0.5.7",
          "resolved": "https://registry.npm.taobao.org/source-map/download/source-map-0.5.7.tgz",
          "integrity": "sha1-igOdLRAh0i0eoUyA2OpGi6LvP8w="
        }
      }
    },
    "uglify-to-browserify": {
      "version": "1.0.2",
      "resolved": "https://registry.npm.taobao.org/uglify-to-browserify/download/uglify-to-browserify-1.0.2.tgz",
      "integrity": "sha1-bgkk1r2mta/jSeOabWMoUKD4grc=",
      "optional": true
    },
    "void-elements": {
      "version": "2.0.1",
      "resolved": "https://registry.npm.taobao.org/void-elements/download/void-elements-2.0.1.tgz",
      "integrity": "sha1-wGavtYK7HLQSjWDqkjkulNXp2+w="
    },
    "window-size": {
      "version": "0.1.0",
      "resolved": "https://registry.npm.taobao.org/window-size/download/window-size-0.1.0.tgz",
      "integrity": "sha1-VDjNLqk7IC76Ohn+iIeu58lPnJ0="
    },
    "with": {
      "version": "5.1.1",
      "resolved": "https://registry.npm.taobao.org/with/download/with-5.1.1.tgz",
      "integrity": "sha1-+k2qktrzLE6pTtRTyB8EaGtXXf4=",
      "requires": {
        "acorn": "^3.1.0",
        "acorn-globals": "^3.0.0"
      }
    },
    "wordwrap": {
      "version": "0.0.2",
      "resolved": "https://registry.npm.taobao.org/wordwrap/download/wordwrap-0.0.2.tgz",
      "integrity": "sha1-t5Zpu0LstAn4PVg8rVLKF+qhZD8="
    },
    "yargs": {
      "version": "3.10.0",
      "resolved": "https://registry.npm.taobao.org/yargs/download/yargs-3.10.0.tgz?cache=0&sync_timestamp=1605465839188&other_urls=https%3A%2F%2Fregistry.npm.taobao.org%2Fyargs%2Fdownload%2Fyargs-3.10.0.tgz",
      "integrity": "sha1-9+572FfdfB0tOMDnTvvWgdFDH9E=",
      "requires": {
        "camelcase": "^1.0.2",
        "cliui": "^2.1.0",
        "decamelize": "^1.0.0",
        "window-size": "0.1.0"
      }
    }
  }
}
